{
  "nodes": {
    "blank": {
      "locked": {
        "lastModified": 1625557891,
        "narHash": "sha256-O8/MWsPBGhhyPoPLHZAuoZiiHo9q6FLlEeIDEXuj6T4=",
        "owner": "divnix",
        "repo": "blank",
        "rev": "5a5d2684073d9f563072ed07c871d577a6c614a8",
        "type": "github"
      },
      "original": {
        "owner": "divnix",
        "repo": "blank",
        "type": "github"
      }
    },
    "call-flake": {
      "locked": {
        "lastModified": 1687380775,
        "narHash": "sha256-bmhE1TmrJG4ba93l9WQTLuYM53kwGQAjYHRvHOeuxWU=",
        "owner": "divnix",
        "repo": "call-flake",
        "rev": "74061f6c241227cd05e79b702db9a300a2e4131a",
        "type": "github"
      },
      "original": {
        "owner": "divnix",
        "repo": "call-flake",
        "type": "github"
      }
    },
    "colmena": {
      "inputs": {
        "flake-compat": "flake-compat",
        "flake-utils": "flake-utils",
        "nixpkgs": "nixpkgs",
        "stable": "stable"
      },
      "locked": {
        "lastModified": 1685163780,
        "narHash": "sha256-tMwseHtEFDpO3WKeZKWqrKRAZI6TiEULidxEbzicuFg=",
        "owner": "zhaofengli",
        "repo": "colmena",
        "rev": "c61bebae1dc1d57237577080b1ca1e37a3fbcebf",
        "type": "github"
      },
      "original": {
        "owner": "zhaofengli",
        "repo": "colmena",
        "type": "github"
      }
    },
    "darwin": {
      "inputs": {
        "nixpkgs": [
          "nixpkgs"
        ]
      },
      "locked": {
        "lastModified": 1688145780,
        "narHash": "sha256-dNUINvO7qM7fItWSeqL2nE/F3IHCGZEeERMkm1i4pP4=",
        "owner": "LnL7",
        "repo": "nix-darwin",
        "rev": "43587cdb726f73b962f12028055520dbd1d7233f",
        "type": "github"
      },
      "original": {
        "owner": "LnL7",
        "ref": "master",
        "repo": "nix-darwin",
        "type": "github"
      }
    },
    "devenv": {
      "inputs": {
        "flake-compat": "flake-compat_2",
        "nix": "nix",
        "nixpkgs": [
          "nixpkgs"
        ],
        "pre-commit-hooks": "pre-commit-hooks"
      },
      "locked": {
        "lastModified": 1688127963,
        "narHash": "sha256-Dd9O5HNpva+COSFtqYDuSDUwzSLToFAUYoymWl6tOWk=",
        "owner": "cachix",
        "repo": "devenv",
        "rev": "2c3f0b99dc77efc71f94cddb6ee672756751759d",
        "type": "github"
      },
      "original": {
        "owner": "cachix",
        "repo": "devenv",
        "type": "github"
      }
    },
    "disko": {
      "inputs": {
        "nixpkgs": [
          "nixpkgs"
        ]
      },
      "locked": {
        "lastModified": 1687968164,
        "narHash": "sha256-L9jr2zCB6NIaBE3towusjGBigsnE2pMID8wBGkYbTS4=",
        "owner": "nix-community",
        "repo": "disko",
        "rev": "8002e7cb899bc2a02a2ebfb7f999fcd7c18b92a1",
        "type": "github"
      },
      "original": {
        "owner": "nix-community",
        "repo": "disko",
        "type": "github"
      }
    },
    "disko_2": {
      "locked": {
        "lastModified": 1625557891,
        "narHash": "sha256-O8/MWsPBGhhyPoPLHZAuoZiiHo9q6FLlEeIDEXuj6T4=",
        "owner": "divnix",
        "repo": "blank",
        "rev": "5a5d2684073d9f563072ed07c871d577a6c614a8",
        "type": "github"
      },
      "original": {
        "owner": "divnix",
        "repo": "blank",
        "type": "github"
      }
    },
    "dmerge": {
      "inputs": {
        "haumea": [
          "std",
          "haumea"
        ],
        "nixlib": [
          "std",
          "haumea",
          "nixpkgs"
        ],
        "yants": [
          "std",
          "yants"
        ]
      },
      "locked": {
        "lastModified": 1686862774,
        "narHash": "sha256-ojGtRQ9pIOUrxsQEuEPerUkqIJEuod9hIflfNkY+9CE=",
        "owner": "divnix",
        "repo": "dmerge",
        "rev": "9f7f7a8349d33d7bd02e0f2b484b1f076e503a96",
        "type": "github"
      },
      "original": {
        "owner": "divnix",
        "ref": "0.2.1",
        "repo": "dmerge",
        "type": "github"
      }
    },
    "emacs-overlay": {
      "inputs": {
        "flake-utils": "flake-utils_3",
        "nixpkgs": [
          "nixpkgs"
        ],
        "nixpkgs-stable": "nixpkgs-stable_2"
      },
      "locked": {
        "lastModified": 1688145679,
        "narHash": "sha256-JolyLHMqIQTjzDHONt54600eRQAjmEX4iwU615MMf1I=",
        "owner": "nix-community",
        "repo": "emacs-overlay",
        "rev": "4acc71cdae77ca29a3b9fe71297e08f3d82ead7e",
        "type": "github"
      },
      "original": {
        "owner": "nix-community",
        "repo": "emacs-overlay",
        "type": "github"
      }
    },
    "flake-compat": {
      "flake": false,
      "locked": {
        "lastModified": 1650374568,
        "narHash": "sha256-Z+s0J8/r907g149rllvwhb4pKi8Wam5ij0st8PwAh+E=",
        "owner": "edolstra",
        "repo": "flake-compat",
        "rev": "b4a34015c698c7793d592d66adbab377907a2be8",
        "type": "github"
      },
      "original": {
        "owner": "edolstra",
        "repo": "flake-compat",
        "type": "github"
      }
    },
    "flake-compat_2": {
      "flake": false,
      "locked": {
        "lastModified": 1673956053,
        "narHash": "sha256-4gtG9iQuiKITOjNQQeQIpoIB6b16fm+504Ch3sNKLd8=",
        "owner": "edolstra",
        "repo": "flake-compat",
        "rev": "35bb57c0c8d8b62bbfd284272c928ceb64ddbde9",
        "type": "github"
      },
      "original": {
        "owner": "edolstra",
        "repo": "flake-compat",
        "type": "github"
      }
    },
    "flake-compat_3": {
      "flake": false,
      "locked": {
        "lastModified": 1673956053,
        "narHash": "sha256-4gtG9iQuiKITOjNQQeQIpoIB6b16fm+504Ch3sNKLd8=",
        "owner": "edolstra",
        "repo": "flake-compat",
        "rev": "35bb57c0c8d8b62bbfd284272c928ceb64ddbde9",
        "type": "github"
      },
      "original": {
        "owner": "edolstra",
        "repo": "flake-compat",
        "type": "github"
      }
    },
    "flake-parts": {
      "inputs": {
        "nixpkgs-lib": [
          "nixpkgs"
        ]
      },
      "locked": {
        "lastModified": 1687762428,
        "narHash": "sha256-DIf7mi45PKo+s8dOYF+UlXHzE0Wl/+k3tXUyAoAnoGE=",
        "owner": "hercules-ci",
        "repo": "flake-parts",
        "rev": "37dd7bb15791c86d55c5121740a1887ab55ee836",
        "type": "github"
      },
      "original": {
        "owner": "hercules-ci",
        "repo": "flake-parts",
        "type": "github"
      }
    },
    "flake-utils": {
      "locked": {
        "lastModified": 1659877975,
        "narHash": "sha256-zllb8aq3YO3h8B/U0/J1WBgAL8EX5yWf5pMj3G0NAmc=",
        "owner": "numtide",
        "repo": "flake-utils",
        "rev": "c0e246b9b83f637f4681389ecabcb2681b4f3af0",
        "type": "github"
      },
      "original": {
        "owner": "numtide",
        "repo": "flake-utils",
        "type": "github"
      }
    },
    "flake-utils_2": {
      "inputs": {
        "systems": "systems"
      },
      "locked": {
        "lastModified": 1685518550,
        "narHash": "sha256-o2d0KcvaXzTrPRIo0kOLV0/QXHhDQ5DTi+OxcjO8xqY=",
        "owner": "numtide",
        "repo": "flake-utils",
        "rev": "a1720a10a6cfe8234c0e93907ffe81be440f4cef",
        "type": "github"
      },
      "original": {
        "owner": "numtide",
        "repo": "flake-utils",
        "type": "github"
      }
    },
    "flake-utils_3": {
      "inputs": {
        "systems": "systems_2"
      },
      "locked": {
        "lastModified": 1687709756,
        "narHash": "sha256-Y5wKlQSkgEK2weWdOu4J3riRd+kV/VCgHsqLNTTWQ/0=",
        "owner": "numtide",
        "repo": "flake-utils",
        "rev": "dbabf0ca0c0c4bce6ea5eaf65af5cb694d2082c7",
        "type": "github"
      },
      "original": {
        "owner": "numtide",
        "repo": "flake-utils",
        "type": "github"
      }
    },
    "flake-utils_4": {
      "locked": {
        "lastModified": 1653893745,
        "narHash": "sha256-0jntwV3Z8//YwuOjzhV2sgJJPt+HY6KhU7VZUL0fKZQ=",
        "owner": "numtide",
        "repo": "flake-utils",
        "rev": "1ed9fb1935d260de5fe1c2f7ee0ebaae17ed2fa1",
        "type": "github"
      },
      "original": {
        "owner": "numtide",
        "repo": "flake-utils",
        "type": "github"
      }
    },
    "flake-utils_5": {
      "inputs": {
        "systems": "systems_3"
      },
      "locked": {
        "lastModified": 1687171271,
        "narHash": "sha256-BJlq+ozK2B1sJDQXS3tzJM5a+oVZmi1q0FlBK/Xqv7M=",
        "owner": "numtide",
        "repo": "flake-utils",
        "rev": "abfb11bd1aec8ced1c9bb9adfe68018230f4fb3c",
        "type": "github"
      },
      "original": {
        "owner": "numtide",
        "repo": "flake-utils",
        "type": "github"
      }
    },
    "gitignore": {
      "inputs": {
        "nixpkgs": [
          "devenv",
          "pre-commit-hooks",
          "nixpkgs"
        ]
      },
      "locked": {
        "lastModified": 1660459072,
        "narHash": "sha256-8DFJjXG8zqoONA1vXtgeKXy68KdJL5UaXR8NtVMUbx8=",
        "owner": "hercules-ci",
        "repo": "gitignore.nix",
        "rev": "a20de23b925fd8264fd7fad6454652e142fd7f73",
        "type": "github"
      },
      "original": {
        "owner": "hercules-ci",
        "repo": "gitignore.nix",
        "type": "github"
      }
    },
    "haumea": {
      "inputs": {
        "nixpkgs": "nixpkgs_2"
      },
      "locked": {
        "lastModified": 1687577177,
        "narHash": "sha256-3ZIwl4fPK/vxeCHEhXjhGwVuBf6rQxZxkAmkM/HIP8I=",
        "owner": "nix-community",
        "repo": "haumea",
        "rev": "ed7d2f478b5c44b14e72f1b824ea5eb5e3def022",
        "type": "github"
      },
      "original": {
        "owner": "nix-community",
        "repo": "haumea",
        "type": "github"
      }
    },
    "haumea_2": {
      "inputs": {
        "nixpkgs": [
          "hive",
          "nixpkgs"
        ]
      },
      "locked": {
        "lastModified": 1681873442,
        "narHash": "sha256-wsOEGbDKf+M/THE7JZi43s4szXTuIaiQNBxlb5Lnxs0=",
        "owner": "nix-community",
        "repo": "haumea",
        "rev": "85038436851caf5bbf652a2fedf38b2b28e38caf",
        "type": "github"
      },
      "original": {
        "owner": "nix-community",
        "ref": "v0.2.1",
        "repo": "haumea",
        "type": "github"
      }
    },
    "haumea_3": {
      "inputs": {
        "nixpkgs": "nixpkgs_4"
      },
      "locked": {
        "lastModified": 1685133229,
        "narHash": "sha256-FePm/Gi9PBSNwiDFq3N+DWdfxFq0UKsVVTJS3cQPn94=",
        "owner": "nix-community",
        "repo": "haumea",
        "rev": "34dd58385092a23018748b50f9b23de6266dffc2",
        "type": "github"
      },
      "original": {
        "owner": "nix-community",
        "ref": "v0.2.2",
        "repo": "haumea",
        "type": "github"
      }
    },
    "hive": {
      "inputs": {
        "colmena": [
          "colmena"
        ],
        "disko": "disko_2",
        "haumea": "haumea_2",
        "home-manager": "home-manager",
        "nixos-generators": "nixos-generators",
        "nixpkgs": [
          "nixpkgs"
        ],
        "paisano": "paisano"
      },
      "locked": {
        "lastModified": 1687808704,
        "narHash": "sha256-yrov+SNCHXUfVZmSKSFio1tzMvskjNvIuINcNo2smF4=",
        "owner": "divnix",
        "repo": "hive",
        "rev": "ab85a68eea36e79de4ad0bc53919a9c7e5e98678",
        "type": "github"
      },
      "original": {
        "owner": "divnix",
        "repo": "hive",
        "type": "github"
      }
    },
    "home": {
      "inputs": {
        "nixpkgs": [
          "nixpkgs"
        ]
      },
      "locked": {
        "lastModified": 1688156486,
        "narHash": "sha256-L6VstXvubMUQBPrNfezR9hBsUV2Ju7ZhcrBVUiYOs8U=",
        "owner": "nix-community",
        "repo": "home-manager",
        "rev": "0f71012724b151aa02c8f05f2dc0e121e7a4371e",
        "type": "github"
      },
      "original": {
        "owner": "nix-community",
        "repo": "home-manager",
        "type": "github"
      }
    },
    "home-manager": {
      "locked": {
        "lastModified": 1625557891,
        "narHash": "sha256-O8/MWsPBGhhyPoPLHZAuoZiiHo9q6FLlEeIDEXuj6T4=",
        "owner": "divnix",
        "repo": "blank",
        "rev": "5a5d2684073d9f563072ed07c871d577a6c614a8",
        "type": "github"
      },
      "original": {
        "owner": "divnix",
        "repo": "blank",
        "type": "github"
      }
    },
    "incl": {
      "inputs": {
        "nixlib": [
          "std",
          "haumea",
          "nixpkgs"
        ]
      },
      "locked": {
        "lastModified": 1669263024,
        "narHash": "sha256-E/+23NKtxAqYG/0ydYgxlgarKnxmDbg6rCMWnOBqn9Q=",
        "owner": "divnix",
        "repo": "incl",
        "rev": "ce7bebaee048e4cd7ebdb4cee7885e00c4e2abca",
        "type": "github"
      },
      "original": {
        "owner": "divnix",
        "repo": "incl",
        "type": "github"
      }
    },
    "lowdown-src": {
      "flake": false,
      "locked": {
        "lastModified": 1633514407,
        "narHash": "sha256-Dw32tiMjdK9t3ETl5fzGrutQTzh2rufgZV4A/BbxuD4=",
        "owner": "kristapsdz",
        "repo": "lowdown",
        "rev": "d2c2b44ff6c27b936ec27358a2653caaef8f73b8",
        "type": "github"
      },
      "original": {
        "owner": "kristapsdz",
        "repo": "lowdown",
        "type": "github"
      }
    },
    "mk-shell-bin": {
      "locked": {
        "lastModified": 1677004959,
        "narHash": "sha256-/uEkr1UkJrh11vD02aqufCxtbF5YnhRTIKlx5kyvf+I=",
        "owner": "rrbutani",
        "repo": "nix-mk-shell-bin",
        "rev": "ff5d8bd4d68a347be5042e2f16caee391cd75887",
        "type": "github"
      },
      "original": {
        "owner": "rrbutani",
        "repo": "nix-mk-shell-bin",
        "type": "github"
      }
    },
    "nix": {
      "inputs": {
        "lowdown-src": "lowdown-src",
        "nixpkgs": [
          "devenv",
          "nixpkgs"
        ],
        "nixpkgs-regression": "nixpkgs-regression"
      },
      "locked": {
        "lastModified": 1676545802,
        "narHash": "sha256-EK4rZ+Hd5hsvXnzSzk2ikhStJnD63odF7SzsQ8CuSPU=",
        "owner": "domenkozar",
        "repo": "nix",
        "rev": "7c91803598ffbcfe4a55c44ac6d49b2cf07a527f",
        "type": "github"
      },
      "original": {
        "owner": "domenkozar",
        "ref": "relaxed-flakes",
        "repo": "nix",
        "type": "github"
      }
    },
    "nix-index-database": {
      "inputs": {
        "nixpkgs": [
          "nixpkgs"
        ]
      },
      "locked": {
        "lastModified": 1687097842,
        "narHash": "sha256-NPAaRZx5foWLgIPfEaiEZMr9JIlEQhLEVEXpx09341Q=",
        "owner": "Mic92",
        "repo": "nix-index-database",
        "rev": "c8210cb3fcde6860255b54ddba74dc177e6232cd",
        "type": "github"
      },
      "original": {
        "owner": "Mic92",
        "repo": "nix-index-database",
        "type": "github"
      }
    },
    "nix2container": {
      "inputs": {
        "flake-utils": "flake-utils_4",
        "nixpkgs": [
          "nixpkgs"
        ]
      },
      "locked": {
        "lastModified": 1687467666,
        "narHash": "sha256-z9n7ATBXeDqz5a8+4HJ9fhU6KMyg7zZX0wrhLdVG7bQ=",
        "owner": "nlewo",
        "repo": "nix2container",
        "rev": "56e249151911e3d3928b578f5b6c01b16f55c308",
        "type": "github"
      },
      "original": {
        "owner": "nlewo",
        "repo": "nix2container",
        "type": "github"
      }
    },
    "nixos-generators": {
      "locked": {
        "lastModified": 1625557891,
        "narHash": "sha256-O8/MWsPBGhhyPoPLHZAuoZiiHo9q6FLlEeIDEXuj6T4=",
        "owner": "divnix",
        "repo": "blank",
        "rev": "5a5d2684073d9f563072ed07c871d577a6c614a8",
        "type": "github"
      },
      "original": {
        "owner": "divnix",
        "repo": "blank",
        "type": "github"
      }
    },
    "nixpkgs": {
      "locked": {
        "lastModified": 1683408522,
        "narHash": "sha256-9kcPh6Uxo17a3kK3XCHhcWiV1Yu1kYj22RHiymUhMkU=",
        "owner": "NixOS",
        "repo": "nixpkgs",
        "rev": "897876e4c484f1e8f92009fd11b7d988a121a4e7",
        "type": "github"
      },
      "original": {
        "owner": "NixOS",
        "ref": "nixos-unstable",
        "repo": "nixpkgs",
        "type": "github"
      }
    },
    "nixpkgs-regression": {
      "locked": {
        "lastModified": 1643052045,
        "narHash": "sha256-uGJ0VXIhWKGXxkeNnq4TvV3CIOkUJ3PAoLZ3HMzNVMw=",
        "owner": "NixOS",
        "repo": "nixpkgs",
        "rev": "215d4d0fd80ca5163643b03a33fde804a29cc1e2",
        "type": "github"
      },
      "original": {
        "owner": "NixOS",
        "repo": "nixpkgs",
        "rev": "215d4d0fd80ca5163643b03a33fde804a29cc1e2",
        "type": "github"
      }
    },
    "nixpkgs-stable": {
      "locked": {
        "lastModified": 1685801374,
        "narHash": "sha256-otaSUoFEMM+LjBI1XL/xGB5ao6IwnZOXc47qhIgJe8U=",
        "owner": "NixOS",
        "repo": "nixpkgs",
        "rev": "c37ca420157f4abc31e26f436c1145f8951ff373",
        "type": "github"
      },
      "original": {
        "owner": "NixOS",
        "ref": "nixos-23.05",
        "repo": "nixpkgs",
        "type": "github"
      }
    },
    "nixpkgs-stable_2": {
      "locked": {
        "lastModified": 1687829761,
        "narHash": "sha256-QRe1Y8SS3M4GeC58F/6ajz6V0ZLUVWX3ZAMgov2N3/g=",
        "owner": "NixOS",
        "repo": "nixpkgs",
        "rev": "9790f3242da2152d5aa1976e3e4b8b414f4dd206",
        "type": "github"
      },
      "original": {
        "owner": "NixOS",
        "ref": "nixos-23.05",
        "repo": "nixpkgs",
        "type": "github"
      }
    },
    "nixpkgs-stable_3": {
      "locked": {
        "lastModified": 1687829761,
        "narHash": "sha256-QRe1Y8SS3M4GeC58F/6ajz6V0ZLUVWX3ZAMgov2N3/g=",
        "owner": "NixOS",
        "repo": "nixpkgs",
        "rev": "9790f3242da2152d5aa1976e3e4b8b414f4dd206",
        "type": "github"
      },
      "original": {
        "owner": "NixOS",
        "ref": "nixos-23.05",
        "repo": "nixpkgs",
        "type": "github"
      }
    },
    "nixpkgs-unstable": {
      "locked": {
        "lastModified": 1688049487,
        "narHash": "sha256-100g4iaKC9MalDjUW9iN6Jl/OocTDtXdeAj7pEGIRh4=",
        "owner": "NixOS",
        "repo": "nixpkgs",
        "rev": "4bc72cae107788bf3f24f30db2e2f685c9298dc9",
        "type": "github"
      },
      "original": {
        "owner": "NixOS",
        "ref": "nixos-unstable",
        "repo": "nixpkgs",
        "type": "github"
      }
    },
    "nixpkgs_2": {
      "locked": {
        "lastModified": 1681001314,
        "narHash": "sha256-5sDnCLdrKZqxLPK4KA8+f4A3YKO/u6ElpMILvX0g72c=",
        "owner": "nix-community",
        "repo": "nixpkgs.lib",
        "rev": "367c0e1086a4eb4502b24d872cea2c7acdd557f4",
        "type": "github"
      },
      "original": {
        "owner": "nix-community",
        "repo": "nixpkgs.lib",
        "type": "github"
      }
    },
    "nixpkgs_3": {
      "locked": {
        "lastModified": 1688049487,
        "narHash": "sha256-100g4iaKC9MalDjUW9iN6Jl/OocTDtXdeAj7pEGIRh4=",
        "owner": "NixOS",
        "repo": "nixpkgs",
        "rev": "4bc72cae107788bf3f24f30db2e2f685c9298dc9",
        "type": "github"
      },
      "original": {
        "owner": "NixOS",
        "ref": "nixos-unstable",
        "repo": "nixpkgs",
        "type": "github"
      }
    },
    "nixpkgs_4": {
      "locked": {
        "lastModified": 1681001314,
        "narHash": "sha256-5sDnCLdrKZqxLPK4KA8+f4A3YKO/u6ElpMILvX0g72c=",
        "owner": "nix-community",
        "repo": "nixpkgs.lib",
        "rev": "367c0e1086a4eb4502b24d872cea2c7acdd557f4",
        "type": "github"
      },
      "original": {
        "owner": "nix-community",
        "repo": "nixpkgs.lib",
        "type": "github"
      }
    },
    "nosys": {
      "locked": {
        "lastModified": 1668010795,
        "narHash": "sha256-JBDVBnos8g0toU7EhIIqQ1If5m/nyBqtHhL3sicdPwI=",
        "owner": "divnix",
        "repo": "nosys",
        "rev": "feade0141487801c71ff55623b421ed535dbdefa",
        "type": "github"
      },
      "original": {
        "owner": "divnix",
        "repo": "nosys",
        "type": "github"
      }
    },
    "nosys_2": {
      "locked": {
        "lastModified": 1668010795,
        "narHash": "sha256-JBDVBnos8g0toU7EhIIqQ1If5m/nyBqtHhL3sicdPwI=",
        "owner": "divnix",
        "repo": "nosys",
        "rev": "feade0141487801c71ff55623b421ed535dbdefa",
        "type": "github"
      },
      "original": {
        "owner": "divnix",
        "repo": "nosys",
        "type": "github"
      }
    },
    "nvfetcher": {
      "inputs": {
        "flake-compat": "flake-compat_3",
        "flake-utils": "flake-utils_5",
        "nixpkgs": [
          "nixpkgs"
        ]
      },
      "locked": {
        "lastModified": 1687440270,
        "narHash": "sha256-aOAXvfVn+MBSkU+xlQEiyoGpRaF6NvQdpWIhw5OH/Dc=",
        "owner": "berberman",
        "repo": "nvfetcher",
        "rev": "44196458acc2c28c32e456c50277d6148e71e708",
        "type": "github"
      },
      "original": {
        "owner": "berberman",
        "repo": "nvfetcher",
        "type": "github"
      }
    },
    "paisano": {
      "inputs": {
        "nixpkgs": [
          "hive",
          "nixpkgs"
        ],
        "nosys": "nosys",
        "yants": "yants"
      },
      "locked": {
        "lastModified": 1678562978,
        "narHash": "sha256-GaPyKdB0RvSBIgPxKkdJHTG/FyKsT0Ku5zifLEjr3QQ=",
        "owner": "divnix",
        "repo": "paisano",
        "rev": "f71a2db9414d66663c03a65ade97a9f353fb6d55",
        "type": "github"
      },
      "original": {
        "owner": "divnix",
        "repo": "paisano",
        "type": "github"
      }
    },
    "paisano-tui": {
      "flake": false,
      "locked": {
        "lastModified": 1681847764,
        "narHash": "sha256-mdd7PJW1BZvxy0cIKsPfAO+ohVl/V7heE5ZTAHzTdv8=",
        "owner": "paisano-nix",
        "repo": "tui",
        "rev": "3096bad91cae73ab8ab3367d31f8a143d248a244",
        "type": "github"
      },
      "original": {
        "owner": "paisano-nix",
        "ref": "0.1.1",
        "repo": "tui",
        "type": "github"
      }
    },
    "paisano_2": {
      "inputs": {
        "call-flake": "call-flake",
        "nixpkgs": [
          "std",
          "nixpkgs"
        ],
        "nosys": "nosys_2",
        "yants": [
          "std",
          "yants"
        ]
      },
      "locked": {
        "lastModified": 1688099125,
        "narHash": "sha256-j6LMz00orEKZrQb14wRRw7kMLm+aj7zBJt05AY4UcRI=",
        "owner": "paisano-nix",
        "repo": "core",
        "rev": "10270dc46532c947de473ee88c8f5a3346a396fb",
        "type": "github"
      },
      "original": {
        "owner": "paisano-nix",
        "repo": "core",
        "type": "github"
      }
    },
    "pre-commit-hooks": {
      "inputs": {
        "flake-compat": [
          "devenv",
          "flake-compat"
        ],
        "flake-utils": "flake-utils_2",
        "gitignore": "gitignore",
        "nixpkgs": [
          "devenv",
          "nixpkgs"
        ],
        "nixpkgs-stable": "nixpkgs-stable"
      },
      "locked": {
        "lastModified": 1688056373,
        "narHash": "sha256-2+SDlNRTKsgo3LBRiMUcoEUb6sDViRNQhzJquZ4koOI=",
        "owner": "cachix",
        "repo": "pre-commit-hooks.nix",
        "rev": "5843cf069272d92b60c3ed9e55b7a8989c01d4c7",
        "type": "github"
      },
      "original": {
        "owner": "cachix",
        "repo": "pre-commit-hooks.nix",
        "type": "github"
      }
    },
    "root": {
      "inputs": {
        "colmena": "colmena",
        "darwin": "darwin",
        "devenv": "devenv",
        "disko": "disko",
        "emacs-overlay": "emacs-overlay",
        "flake-parts": "flake-parts",
        "haumea": "haumea",
        "hive": "hive",
        "home": "home",
        "mk-shell-bin": "mk-shell-bin",
        "nix-index-database": "nix-index-database",
        "nix2container": "nix2container",
        "nixpkgs": "nixpkgs_3",
        "nixpkgs-stable": "nixpkgs-stable_3",
        "nixpkgs-unstable": "nixpkgs-unstable",
        "nvfetcher": "nvfetcher",
        "std": "std",
        "treefmt-nix": "treefmt-nix"
      }
    },
    "stable": {
      "locked": {
        "lastModified": 1669735802,
        "narHash": "sha256-qtG/o/i5ZWZLmXw108N2aPiVsxOcidpHJYNkT45ry9Q=",
        "owner": "NixOS",
        "repo": "nixpkgs",
        "rev": "731cc710aeebecbf45a258e977e8b68350549522",
        "type": "github"
      },
      "original": {
        "owner": "NixOS",
        "ref": "nixos-22.11",
        "repo": "nixpkgs",
        "type": "github"
      }
    },
    "std": {
      "inputs": {
        "arion": [
          "std",
          "blank"
        ],
        "blank": "blank",
        "devshell": [
          "std",
          "blank"
        ],
        "dmerge": "dmerge",
        "haumea": "haumea_3",
        "incl": "incl",
        "makes": [
          "std",
          "blank"
        ],
        "microvm": [
          "std",
          "blank"
        ],
        "n2c": [
          "std",
          "blank"
        ],
        "nixago": [
          "std",
          "blank"
        ],
        "nixpkgs": [
          "nixpkgs"
        ],
        "paisano": "paisano_2",
        "paisano-tui": "paisano-tui",
        "terranix": [
          "std",
          "blank"
        ],
        "yants": "yants_2"
      },
      "locked": {
        "lastModified": 1688162727,
        "narHash": "sha256-FOWPJ4RBnQXL7egQfkNXlBO/Js7Mbq7hULmoR4QE2xY=",
        "owner": "divnix",
        "repo": "std",
        "rev": "fb34532b5a72f99f9b1f397adb5e18f0fb255d80",
        "type": "github"
      },
      "original": {
        "owner": "divnix",
        "repo": "std",
        "type": "github"
      }
    },
    "systems": {
      "locked": {
        "lastModified": 1681028828,
        "narHash": "sha256-Vy1rq5AaRuLzOxct8nz4T6wlgyUR7zLU309k9mBC768=",
        "owner": "nix-systems",
        "repo": "default",
        "rev": "da67096a3b9bf56a91d16901293e51ba5b49a27e",
        "type": "github"
      },
      "original": {
        "owner": "nix-systems",
        "repo": "default",
        "type": "github"
      }
    },
    "systems_2": {
      "locked": {
        "lastModified": 1681028828,
        "narHash": "sha256-Vy1rq5AaRuLzOxct8nz4T6wlgyUR7zLU309k9mBC768=",
        "owner": "nix-systems",
        "repo": "default",
        "rev": "da67096a3b9bf56a91d16901293e51ba5b49a27e",
        "type": "github"
      },
      "original": {
        "owner": "nix-systems",
        "repo": "default",
        "type": "github"
      }
    },
    "systems_3": {
      "locked": {
        "lastModified": 1681028828,
        "narHash": "sha256-Vy1rq5AaRuLzOxct8nz4T6wlgyUR7zLU309k9mBC768=",
        "owner": "nix-systems",
        "repo": "default",
        "rev": "da67096a3b9bf56a91d16901293e51ba5b49a27e",
        "type": "github"
      },
      "original": {
        "owner": "nix-systems",
        "repo": "default",
        "type": "github"
      }
    },
    "treefmt-nix": {
      "inputs": {
        "nixpkgs": [
          "nixpkgs"
        ]
      },
      "locked": {
        "lastModified": 1688026376,
        "narHash": "sha256-qJmkr9BWDpqblk4E9/rCsAEl39y2n4Ycw6KRopvpUcY=",
        "owner": "numtide",
        "repo": "treefmt-nix",
        "rev": "df3f32b0cc253dfc7009b7317e8f0e7ccd70b1cf",
        "type": "github"
      },
      "original": {
        "owner": "numtide",
        "repo": "treefmt-nix",
        "type": "github"
      }
    },
    "yants": {
      "inputs": {
        "nixpkgs": [
          "hive",
          "paisano",
          "nixpkgs"
        ]
      },
      "locked": {
        "lastModified": 1677285314,
        "narHash": "sha256-hlAcg2514zKrPu8jn24BUsIjjvXvCLdw1jvKgBTpqko=",
        "owner": "divnix",
        "repo": "yants",
        "rev": "9eab24b273ce021406c852166c216b86e2bb4ec4",
        "type": "github"
      },
      "original": {
        "owner": "divnix",
        "repo": "yants",
        "type": "github"
      }
    },
    "yants_2": {
      "inputs": {
        "nixpkgs": [
          "std",
          "haumea",
          "nixpkgs"
        ]
      },
      "locked": {
        "lastModified": 1686863218,
        "narHash": "sha256-kooxYm3/3ornWtVBNHM3Zh020gACUyFX2G0VQXnB+mk=",
        "owner": "divnix",
        "repo": "yants",
        "rev": "8f0da0dba57149676aa4817ec0c880fbde7a648d",
        "type": "github"
      },
      "original": {
        "owner": "divnix",
        "repo": "yants",
        "type": "github"
      }
    }
  },
  "root": "root",
  "version": 7
}
